
Microsoft Visual Studio Solution File, Format Version 12.00
# Visual Studio 15
VisualStudioVersion = 15.0.26730.16
MinimumVisualStudioVersion = 10.0.40219.1
Project("{FAE04EC0-301F-11D3-BF4B-00C04F79EFBC}") = "EnglishForKid", "EnglishForKid\EnglishForKid.csproj", "{C2F9023F-9523-4548-9373-CE97FC179E78}"
EndProject
Project("{FAE04EC0-301F-11D3-BF4B-00C04F79EFBC}") = "APIEnglishForKid", "APIEnglishForKid\APIEnglishForKid.csproj", "{2A0B084C-DC6D-4D9D-8CAC-B8FAFBDDA9CD}"
EndProject
Project("{FAE04EC0-301F-11D3-BF4B-00C04F79EFBC}") = "EnglishForKidAPI", "EnglishForKidAPI\EnglishForKidAPI.csproj", "{778B7248-1268-4DFC-BD5D-D5D3D4FA5714}"
EndProject
Global
	GlobalSection(SolutionConfigurationPlatforms) = preSolution
		Debug|Any CPU = Debug|Any CPU
		Release|Any CPU = Release|Any CPU
	EndGlobalSection
	GlobalSection(ProjectConfigurationPlatforms) = postSolution
		{C2F9023F-9523-4548-9373-CE97FC179E78}.Debug|Any CPU.ActiveCfg = Debug|Any CPU
		{C2F9023F-9523-4548-9373-CE97FC179E78}.Debug|Any CPU.Build.0 = Debug|Any CPU
		{C2F9023F-9523-4548-9373-CE97FC179E78}.Release|Any CPU.ActiveCfg = Release|Any CPU
		{C2F9023F-9523-4548-9373-CE97FC179E78}.Release|Any CPU.Build.0 = Release|Any CPU
		{2A0B084C-DC6D-4D9D-8CAC-B8FAFBDDA9CD}.Debug|Any CPU.ActiveCfg = Debug|Any CPU
		{2A0B084C-DC6D-4D9D-8CAC-B8FAFBDDA9CD}.Debug|Any CPU.Build.0 = Debug|Any CPU
		{2A0B084C-DC6D-4D9D-8CAC-B8FAFBDDA9CD}.Release|Any CPU.ActiveCfg = Release|Any CPU
		{2A0B084C-DC6D-4D9D-8CAC-B8FAFBDDA9CD}.Release|Any CPU.Build.0 = Release|Any CPU
		{778B7248-1268-4DFC-BD5D-D5D3D4FA5714}.Debug|Any CPU.ActiveCfg = Debug|Any CPU
		{778B7248-1268-4DFC-BD5D-D5D3D4FA5714}.Debug|Any CPU.Build.0 = Debug|Any CPU
		{778B7248-1268-4DFC-BD5D-D5D3D4FA5714}.Release|Any CPU.ActiveCfg = Release|Any CPU
		{778B7248-1268-4DFC-BD5D-D5D3D4FA5714}.Release|Any CPU.Build.0 = Release|Any CPU
	EndGlobalSection
	GlobalSection(SolutionProperties) = preSolution
		HideSolutionNode = FALSE
	EndGlobalSection
	GlobalSection(ExtensibilityGlobals) = postSolution
		SolutionGuid = {60D6141C-164C-4D46-9AB0-22587D2006E6}
	EndGlobalSection
EndGlobal
